// !$*UTF8*$!
{
	archiveVersion = 1;
	classes = {
	};
	objectVersion = 51;
	objects = {

/* Begin PBXBuildFile section */
		2C0222712305FE1800EB2621 /* CoreDataService.swift in Sources */ = {isa = PBXBuildFile; fileRef = 2C0222702305FE1800EB2621 /* CoreDataService.swift */; };
		2C4384D122FD94490029E28C /* AppDelegate.swift in Sources */ = {isa = PBXBuildFile; fileRef = 2C4384D022FD94490029E28C /* AppDelegate.swift */; };
		2C4384D622FD94490029E28C /* Main.storyboard in Resources */ = {isa = PBXBuildFile; fileRef = 2C4384D422FD94490029E28C /* Main.storyboard */; };
		2C4384D922FD94490029E28C /* DataModel.xcdatamodeld in Sources */ = {isa = PBXBuildFile; fileRef = 2C4384D722FD94490029E28C /* DataModel.xcdatamodeld */; };
		2C4384DB22FD944A0029E28C /* Assets.xcassets in Resources */ = {isa = PBXBuildFile; fileRef = 2C4384DA22FD944A0029E28C /* Assets.xcassets */; };
		2C4384E622FD94EF0029E28C /* MainViewController.swift in Sources */ = {isa = PBXBuildFile; fileRef = 2C4384E522FD94EF0029E28C /* MainViewController.swift */; };
		2C4384ED22FD95520029E28C /* LaunchScreen.storyboard in Resources */ = {isa = PBXBuildFile; fileRef = 2C4384EC22FD95520029E28C /* LaunchScreen.storyboard */; };
		2C78E8FA23313E4B001C88F7 /* Readme.md in Resources */ = {isa = PBXBuildFile; fileRef = 2C78E8F923313E4B001C88F7 /* Readme.md */; };
		2C8542DF22FF50EE0053E112 /* SettingsTableViewController.swift in Sources */ = {isa = PBXBuildFile; fileRef = 2C8542DE22FF50EE0053E112 /* SettingsTableViewController.swift */; };
		2C8542E1230015120053E112 /* InternetReachability.swift in Sources */ = {isa = PBXBuildFile; fileRef = 2C8542E0230015120053E112 /* InternetReachability.swift */; };
		2C8542E423030A330053E112 /* AnswerTableViewCell.swift in Sources */ = {isa = PBXBuildFile; fileRef = 2C8542E223030A330053E112 /* AnswerTableViewCell.swift */; };
		2C8542E523030A330053E112 /* AnswerTableViewCell.xib in Resources */ = {isa = PBXBuildFile; fileRef = 2C8542E323030A330053E112 /* AnswerTableViewCell.xib */; };
		2C8542F0230323280053E112 /* CustomAnswer+CoreDataClass.swift in Sources */ = {isa = PBXBuildFile; fileRef = 2C8542EE230323280053E112 /* CustomAnswer+CoreDataClass.swift */; };
		2C8542F1230323280053E112 /* CustomAnswer+CoreDataProperties.swift in Sources */ = {isa = PBXBuildFile; fileRef = 2C8542EF230323280053E112 /* CustomAnswer+CoreDataProperties.swift */; };
		2C8542F92304344E0053E112 /* NetworkingService.swift in Sources */ = {isa = PBXBuildFile; fileRef = 2C8542F82304344E0053E112 /* NetworkingService.swift */; };
		2C8542FC2304456E0053E112 /* CoreDataStack.swift in Sources */ = {isa = PBXBuildFile; fileRef = 2C8542FB2304456E0053E112 /* CoreDataStack.swift */; };
		2CBD36DF233790E60076B190 /* assets-images.swift in Sources */ = {isa = PBXBuildFile; fileRef = 2CBD36DD233790E60076B190 /* assets-images.swift */; };
		2CBD36E0233790E60076B190 /* strings.swift in Sources */ = {isa = PBXBuildFile; fileRef = 2CBD36DE233790E60076B190 /* strings.swift */; };
		2CBD36E62337927B0076B190 /* Localizable.strings in Resources */ = {isa = PBXBuildFile; fileRef = 2CBD36E42337927B0076B190 /* Localizable.strings */; };
		2CBDE2902340A8070025F6D0 /* StoryboardSegues.swift in Sources */ = {isa = PBXBuildFile; fileRef = 2CBDE28E2340A8070025F6D0 /* StoryboardSegues.swift */; };
		2CBDE2912340A8070025F6D0 /* StoryboardScenes.swift in Sources */ = {isa = PBXBuildFile; fileRef = 2CBDE28F2340A8070025F6D0 /* StoryboardScenes.swift */; };
		2CBDE294234146360025F6D0 /* SettingsViewModel.swift in Sources */ = {isa = PBXBuildFile; fileRef = 2CBDE293234146360025F6D0 /* SettingsViewModel.swift */; };
		2CBDE296234146860025F6D0 /* MainViewModel.swift in Sources */ = {isa = PBXBuildFile; fileRef = 2CBDE295234146860025F6D0 /* MainViewModel.swift */; };
		2CBDE298234146AE0025F6D0 /* SettingsModel.swift in Sources */ = {isa = PBXBuildFile; fileRef = 2CBDE297234146AE0025F6D0 /* SettingsModel.swift */; };
		2CBDE29A234146C30025F6D0 /* MainModel.swift in Sources */ = {isa = PBXBuildFile; fileRef = 2CBDE299234146C30025F6D0 /* MainModel.swift */; };
		2CBDE2A52342002D0025F6D0 /* Answer.swift in Sources */ = {isa = PBXBuildFile; fileRef = 2CBDE2A42342002D0025F6D0 /* Answer.swift */; };
		2CBDE2A7234200540025F6D0 /* PresentableAnswer.swift in Sources */ = {isa = PBXBuildFile; fileRef = 2CBDE2A6234200540025F6D0 /* PresentableAnswer.swift */; };
		5A68583780A54D85FF9410ED /* Pods_ShakeMe.framework in Frameworks */ = {isa = PBXBuildFile; fileRef = FF415AA97346FDEB888BC7C8 /* Pods_ShakeMe.framework */; };
/* End PBXBuildFile section */

/* Begin PBXFileReference section */
		2C0222702305FE1800EB2621 /* CoreDataService.swift */ = {isa = PBXFileReference; lastKnownFileType = sourcecode.swift; path = CoreDataService.swift; sourceTree = "<group>"; };
		2C4384CD22FD94490029E28C /* ShakeMe.app */ = {isa = PBXFileReference; explicitFileType = wrapper.application; includeInIndex = 0; path = ShakeMe.app; sourceTree = BUILT_PRODUCTS_DIR; };
		2C4384D022FD94490029E28C /* AppDelegate.swift */ = {isa = PBXFileReference; lastKnownFileType = sourcecode.swift; path = AppDelegate.swift; sourceTree = "<group>"; };
		2C4384D522FD94490029E28C /* Base */ = {isa = PBXFileReference; lastKnownFileType = file.storyboard; name = Base; path = Base.lproj/Main.storyboard; sourceTree = "<group>"; };
		2C4384D822FD94490029E28C /* ShakeMe.xcdatamodel */ = {isa = PBXFileReference; lastKnownFileType = wrapper.xcdatamodel; path = ShakeMe.xcdatamodel; sourceTree = "<group>"; };
		2C4384DA22FD944A0029E28C /* Assets.xcassets */ = {isa = PBXFileReference; lastKnownFileType = folder.assetcatalog; path = Assets.xcassets; sourceTree = "<group>"; };
		2C4384DF22FD944A0029E28C /* Info.plist */ = {isa = PBXFileReference; lastKnownFileType = text.plist.xml; path = Info.plist; sourceTree = "<group>"; };
		2C4384E522FD94EF0029E28C /* MainViewController.swift */ = {isa = PBXFileReference; lastKnownFileType = sourcecode.swift; path = MainViewController.swift; sourceTree = "<group>"; };
		2C4384EC22FD95520029E28C /* LaunchScreen.storyboard */ = {isa = PBXFileReference; lastKnownFileType = file.storyboard; path = LaunchScreen.storyboard; sourceTree = "<group>"; };
		2C78E8F923313E4B001C88F7 /* Readme.md */ = {isa = PBXFileReference; fileEncoding = 4; lastKnownFileType = net.daringfireball.markdown; path = Readme.md; sourceTree = "<group>"; };
		2C8542DE22FF50EE0053E112 /* SettingsTableViewController.swift */ = {isa = PBXFileReference; lastKnownFileType = sourcecode.swift; path = SettingsTableViewController.swift; sourceTree = "<group>"; };
		2C8542E0230015120053E112 /* InternetReachability.swift */ = {isa = PBXFileReference; lastKnownFileType = sourcecode.swift; path = InternetReachability.swift; sourceTree = "<group>"; };
		2C8542E223030A330053E112 /* AnswerTableViewCell.swift */ = {isa = PBXFileReference; lastKnownFileType = sourcecode.swift; path = AnswerTableViewCell.swift; sourceTree = "<group>"; };
		2C8542E323030A330053E112 /* AnswerTableViewCell.xib */ = {isa = PBXFileReference; lastKnownFileType = file.xib; path = AnswerTableViewCell.xib; sourceTree = "<group>"; };
		2C8542EE230323280053E112 /* CustomAnswer+CoreDataClass.swift */ = {isa = PBXFileReference; lastKnownFileType = sourcecode.swift; path = "CustomAnswer+CoreDataClass.swift"; sourceTree = "<group>"; };
		2C8542EF230323280053E112 /* CustomAnswer+CoreDataProperties.swift */ = {isa = PBXFileReference; lastKnownFileType = sourcecode.swift; path = "CustomAnswer+CoreDataProperties.swift"; sourceTree = "<group>"; };
		2C8542F82304344E0053E112 /* NetworkingService.swift */ = {isa = PBXFileReference; lastKnownFileType = sourcecode.swift; path = NetworkingService.swift; sourceTree = "<group>"; };
		2C8542FB2304456E0053E112 /* CoreDataStack.swift */ = {isa = PBXFileReference; lastKnownFileType = sourcecode.swift; path = CoreDataStack.swift; sourceTree = "<group>"; };
		2CBD36DB23378E1E0076B190 /* swiftgen.yml */ = {isa = PBXFileReference; lastKnownFileType = text.yaml; path = swiftgen.yml; sourceTree = "<group>"; };
		2CBD36DD233790E60076B190 /* assets-images.swift */ = {isa = PBXFileReference; fileEncoding = 4; lastKnownFileType = sourcecode.swift; path = "assets-images.swift"; sourceTree = "<group>"; };
		2CBD36DE233790E60076B190 /* strings.swift */ = {isa = PBXFileReference; fileEncoding = 4; lastKnownFileType = sourcecode.swift; path = strings.swift; sourceTree = "<group>"; };
		2CBD36E52337927B0076B190 /* Base */ = {isa = PBXFileReference; lastKnownFileType = text.plist.strings; name = Base; path = Base.lproj/Localizable.strings; sourceTree = "<group>"; };
		2CBDE28E2340A8070025F6D0 /* StoryboardSegues.swift */ = {isa = PBXFileReference; fileEncoding = 4; lastKnownFileType = sourcecode.swift; path = StoryboardSegues.swift; sourceTree = "<group>"; };
		2CBDE28F2340A8070025F6D0 /* StoryboardScenes.swift */ = {isa = PBXFileReference; fileEncoding = 4; lastKnownFileType = sourcecode.swift; path = StoryboardScenes.swift; sourceTree = "<group>"; };
		2CBDE293234146360025F6D0 /* SettingsViewModel.swift */ = {isa = PBXFileReference; lastKnownFileType = sourcecode.swift; path = SettingsViewModel.swift; sourceTree = "<group>"; };
		2CBDE295234146860025F6D0 /* MainViewModel.swift */ = {isa = PBXFileReference; lastKnownFileType = sourcecode.swift; path = MainViewModel.swift; sourceTree = "<group>"; };
		2CBDE297234146AE0025F6D0 /* SettingsModel.swift */ = {isa = PBXFileReference; lastKnownFileType = sourcecode.swift; path = SettingsModel.swift; sourceTree = "<group>"; };
		2CBDE299234146C30025F6D0 /* MainModel.swift */ = {isa = PBXFileReference; lastKnownFileType = sourcecode.swift; path = MainModel.swift; sourceTree = "<group>"; };
		2CBDE2A42342002D0025F6D0 /* Answer.swift */ = {isa = PBXFileReference; lastKnownFileType = sourcecode.swift; path = Answer.swift; sourceTree = "<group>"; };
		2CBDE2A6234200540025F6D0 /* PresentableAnswer.swift */ = {isa = PBXFileReference; lastKnownFileType = sourcecode.swift; path = PresentableAnswer.swift; sourceTree = "<group>"; };
		C422BC732261D680C918570B /* Pods-ShakeMe.release.xcconfig */ = {isa = PBXFileReference; includeInIndex = 1; lastKnownFileType = text.xcconfig; name = "Pods-ShakeMe.release.xcconfig"; path = "Target Support Files/Pods-ShakeMe/Pods-ShakeMe.release.xcconfig"; sourceTree = "<group>"; };
		CCCF5D2350BC7739E8B50C44 /* Pods-ShakeMe.debug.xcconfig */ = {isa = PBXFileReference; includeInIndex = 1; lastKnownFileType = text.xcconfig; name = "Pods-ShakeMe.debug.xcconfig"; path = "Target Support Files/Pods-ShakeMe/Pods-ShakeMe.debug.xcconfig"; sourceTree = "<group>"; };
		FF415AA97346FDEB888BC7C8 /* Pods_ShakeMe.framework */ = {isa = PBXFileReference; explicitFileType = wrapper.framework; includeInIndex = 0; path = Pods_ShakeMe.framework; sourceTree = BUILT_PRODUCTS_DIR; };
/* End PBXFileReference section */

/* Begin PBXFrameworksBuildPhase section */
		2C4384CA22FD94490029E28C /* Frameworks */ = {
			isa = PBXFrameworksBuildPhase;
			buildActionMask = 2147483647;
			files = (
				5A68583780A54D85FF9410ED /* Pods_ShakeMe.framework in Frameworks */,
			);
			runOnlyForDeploymentPostprocessing = 0;
		};
/* End PBXFrameworksBuildPhase section */

/* Begin PBXGroup section */
		099A8C4A89B89E1119D26509 /* Pods */ = {
			isa = PBXGroup;
			children = (
				CCCF5D2350BC7739E8B50C44 /* Pods-ShakeMe.debug.xcconfig */,
				C422BC732261D680C918570B /* Pods-ShakeMe.release.xcconfig */,
			);
			path = Pods;
			sourceTree = "<group>";
		};
		2C02226F2305FDDF00EB2621 /* DataBase */ = {
			isa = PBXGroup;
			children = (
				2C0222702305FE1800EB2621 /* CoreDataService.swift */,
				2C8542FB2304456E0053E112 /* CoreDataStack.swift */,
			);
			path = DataBase;
			sourceTree = "<group>";
		};
		2C4384C422FD94490029E28C = {
			isa = PBXGroup;
			children = (
				2C78E8F923313E4B001C88F7 /* Readme.md */,
				2CBD36DB23378E1E0076B190 /* swiftgen.yml */,
				2C4384CF22FD94490029E28C /* ShakeMe */,
				2C4384CE22FD94490029E28C /* Products */,
				099A8C4A89B89E1119D26509 /* Pods */,
				515252C4B49509A73642D500 /* Frameworks */,
			);
			sourceTree = "<group>";
		};
		2C4384CE22FD94490029E28C /* Products */ = {
			isa = PBXGroup;
			children = (
				2C4384CD22FD94490029E28C /* ShakeMe.app */,
			);
			name = Products;
			sourceTree = "<group>";
		};
		2C4384CF22FD94490029E28C /* ShakeMe */ = {
			isa = PBXGroup;
			children = (
				2C4384D022FD94490029E28C /* AppDelegate.swift */,
				2CBDE29D2341F6530025F6D0 /* Presentation */,
				2CBDE29C2341F5DB0025F6D0 /* Application */,
				2CBDE29B2341F5D30025F6D0 /* Data */,
				2CBDE2A82344E98A0025F6D0 /* Services */,
				2C4384EE22FDBA3D0029E28C /* Resources */,
				2CBD36DC23378EB40076B190 /* SwiftGen */,
				2C4384EF22FDBA7E0029E28C /* Supporting files */,
			);
			path = ShakeMe;
			sourceTree = "<group>";
		};
		2C4384E822FD95090029E28C /* Models */ = {
			isa = PBXGroup;
			children = (
				2CBDE2A6234200540025F6D0 /* PresentableAnswer.swift */,
				2CBDE2A42342002D0025F6D0 /* Answer.swift */,
				2C8542EE230323280053E112 /* CustomAnswer+CoreDataClass.swift */,
				2C8542EF230323280053E112 /* CustomAnswer+CoreDataProperties.swift */,
				2C4384D722FD94490029E28C /* DataModel.xcdatamodeld */,
			);
			path = Models;
			sourceTree = "<group>";
		};
		2C4384E922FD95140029E28C /* Views */ = {
			isa = PBXGroup;
			children = (
				2C4384E522FD94EF0029E28C /* MainViewController.swift */,
				2C8542DE22FF50EE0053E112 /* SettingsTableViewController.swift */,
				2C8542E223030A330053E112 /* AnswerTableViewCell.swift */,
				2C8542E323030A330053E112 /* AnswerTableViewCell.xib */,
			);
			path = Views;
			sourceTree = "<group>";
		};
		2C4384EE22FDBA3D0029E28C /* Resources */ = {
			isa = PBXGroup;
			children = (
				2C4384D422FD94490029E28C /* Main.storyboard */,
				2C4384EC22FD95520029E28C /* LaunchScreen.storyboard */,
				2CBD36E42337927B0076B190 /* Localizable.strings */,
				2C4384DA22FD944A0029E28C /* Assets.xcassets */,
			);
			path = Resources;
			sourceTree = "<group>";
		};
		2C4384EF22FDBA7E0029E28C /* Supporting files */ = {
			isa = PBXGroup;
			children = (
				2C4384DF22FD944A0029E28C /* Info.plist */,
			);
			path = "Supporting files";
			sourceTree = "<group>";
		};
		2C4384F022FDBB390029E28C /* Networking */ = {
			isa = PBXGroup;
			children = (
				2C8542F82304344E0053E112 /* NetworkingService.swift */,
				2C8542E0230015120053E112 /* InternetReachability.swift */,
			);
			path = Networking;
			sourceTree = "<group>";
		};
		2CBD36DC23378EB40076B190 /* SwiftGen */ = {
			isa = PBXGroup;
			children = (
				2CBDE28F2340A8070025F6D0 /* StoryboardScenes.swift */,
				2CBDE28E2340A8070025F6D0 /* StoryboardSegues.swift */,
				2CBD36DD233790E60076B190 /* assets-images.swift */,
				2CBD36DE233790E60076B190 /* strings.swift */,
			);
			path = SwiftGen;
			sourceTree = "<group>";
		};
		2CBDE292234122540025F6D0 /* ViewModels */ = {
			isa = PBXGroup;
			children = (
				2CBDE295234146860025F6D0 /* MainViewModel.swift */,
				2CBDE293234146360025F6D0 /* SettingsViewModel.swift */,
			);
			path = ViewModels;
			sourceTree = "<group>";
		};
		2CBDE29B2341F5D30025F6D0 /* Data */ = {
			isa = PBXGroup;
			children = (
				2C4384E822FD95090029E28C /* Models */,
			);
			path = Data;
			sourceTree = "<group>";
		};
		2CBDE29C2341F5DB0025F6D0 /* Application */ = {
			isa = PBXGroup;
			children = (
				2CBDE299234146C30025F6D0 /* MainModel.swift */,
				2CBDE297234146AE0025F6D0 /* SettingsModel.swift */,
			);
			path = Application;
			sourceTree = "<group>";
		};
		2CBDE29D2341F6530025F6D0 /* Presentation */ = {
			isa = PBXGroup;
			children = (
				2C4384E922FD95140029E28C /* Views */,
				2CBDE292234122540025F6D0 /* ViewModels */,
			);
			path = Presentation;
			sourceTree = "<group>";
		};
		2CBDE2A82344E98A0025F6D0 /* Services */ = {
			isa = PBXGroup;
			children = (
				2C4384F022FDBB390029E28C /* Networking */,
				2C02226F2305FDDF00EB2621 /* DataBase */,
			);
			path = Services;
			sourceTree = "<group>";
		};
		515252C4B49509A73642D500 /* Frameworks */ = {
			isa = PBXGroup;
			children = (
				FF415AA97346FDEB888BC7C8 /* Pods_ShakeMe.framework */,
			);
			name = Frameworks;
			sourceTree = "<group>";
		};
/* End PBXGroup section */

/* Begin PBXNativeTarget section */
		2C4384CC22FD94490029E28C /* ShakeMe */ = {
			isa = PBXNativeTarget;
			buildConfigurationList = 2C4384E222FD944A0029E28C /* Build configuration list for PBXNativeTarget "ShakeMe" */;
			buildPhases = (
				487D2A6EE62E1FAA8E318CB9 /* [CP] Check Pods Manifest.lock */,
				2C78E8FB233508F7001C88F7 /* SwiftLint */,
				2C48B6542337DBA00065BCE6 /* SwiftGen */,
				2C4384C922FD94490029E28C /* Sources */,
				2C4384CA22FD94490029E28C /* Frameworks */,
				2C4384CB22FD94490029E28C /* Resources */,
				62A08DAC77C26CDD497CDFE0 /* [CP] Embed Pods Frameworks */,
			);
			buildRules = (
			);
			dependencies = (
			);
			name = ShakeMe;
			productName = ShakeMe;
			productReference = 2C4384CD22FD94490029E28C /* ShakeMe.app */;
			productType = "com.apple.product-type.application";
		};
/* End PBXNativeTarget section */

/* Begin PBXProject section */
		2C4384C522FD94490029E28C /* Project object */ = {
			isa = PBXProject;
			attributes = {
				LastSwiftUpdateCheck = 1030;
				LastUpgradeCheck = 1030;
				ORGANIZATIONNAME = "Eduard Galchenko";
				TargetAttributes = {
					2C4384CC22FD94490029E28C = {
						CreatedOnToolsVersion = 10.3;
					};
				};
			};
			buildConfigurationList = 2C4384C822FD94490029E28C /* Build configuration list for PBXProject "ShakeMe" */;
			compatibilityVersion = "Xcode 9.3";
			developmentRegion = en;
			hasScannedForEncodings = 0;
			knownRegions = (
				en,
				Base,
			);
			mainGroup = 2C4384C422FD94490029E28C;
			productRefGroup = 2C4384CE22FD94490029E28C /* Products */;
			projectDirPath = "";
			projectRoot = "";
			targets = (
				2C4384CC22FD94490029E28C /* ShakeMe */,
			);
		};
/* End PBXProject section */

/* Begin PBXResourcesBuildPhase section */
		2C4384CB22FD94490029E28C /* Resources */ = {
			isa = PBXResourcesBuildPhase;
			buildActionMask = 2147483647;
			files = (
				2C78E8FA23313E4B001C88F7 /* Readme.md in Resources */,
				2CBD36E62337927B0076B190 /* Localizable.strings in Resources */,
				2C4384ED22FD95520029E28C /* LaunchScreen.storyboard in Resources */,
				2C4384DB22FD944A0029E28C /* Assets.xcassets in Resources */,
				2C4384D622FD94490029E28C /* Main.storyboard in Resources */,
				2C8542E523030A330053E112 /* AnswerTableViewCell.xib in Resources */,
			);
			runOnlyForDeploymentPostprocessing = 0;
		};
/* End PBXResourcesBuildPhase section */

/* Begin PBXShellScriptBuildPhase section */
		2C48B6542337DBA00065BCE6 /* SwiftGen */ = {
			isa = PBXShellScriptBuildPhase;
			buildActionMask = 2147483647;
			files = (
			);
			inputFileListPaths = (
			);
			inputPaths = (
			);
			name = SwiftGen;
			outputFileListPaths = (
			);
			outputPaths = (
			);
			runOnlyForDeploymentPostprocessing = 0;
			shellPath = /bin/sh;
			shellScript = "$PODS_ROOT/SwiftGen/bin/swiftgen\n";
		};
		2C78E8FB233508F7001C88F7 /* SwiftLint */ = {
			isa = PBXShellScriptBuildPhase;
			buildActionMask = 2147483647;
			files = (
			);
			inputFileListPaths = (
			);
			inputPaths = (
			);
			name = SwiftLint;
			outputFileListPaths = (
			);
			outputPaths = (
			);
			runOnlyForDeploymentPostprocessing = 0;
			shellPath = /bin/sh;
			shellScript = "${PODS_ROOT}/SwiftLint/swiftlint\n";
		};
		487D2A6EE62E1FAA8E318CB9 /* [CP] Check Pods Manifest.lock */ = {
			isa = PBXShellScriptBuildPhase;
			buildActionMask = 2147483647;
			files = (
			);
			inputFileListPaths = (
			);
			inputPaths = (
				"${PODS_PODFILE_DIR_PATH}/Podfile.lock",
				"${PODS_ROOT}/Manifest.lock",
			);
			name = "[CP] Check Pods Manifest.lock";
			outputFileListPaths = (
			);
			outputPaths = (
				"$(DERIVED_FILE_DIR)/Pods-ShakeMe-checkManifestLockResult.txt",
			);
			runOnlyForDeploymentPostprocessing = 0;
			shellPath = /bin/sh;
			shellScript = "diff \"${PODS_PODFILE_DIR_PATH}/Podfile.lock\" \"${PODS_ROOT}/Manifest.lock\" > /dev/null\nif [ $? != 0 ] ; then\n    # print error to STDERR\n    echo \"error: The sandbox is not in sync with the Podfile.lock. Run 'pod install' or update your CocoaPods installation.\" >&2\n    exit 1\nfi\n# This output is used by Xcode 'outputs' to avoid re-running this script phase.\necho \"SUCCESS\" > \"${SCRIPT_OUTPUT_FILE_0}\"\n";
			showEnvVarsInLog = 0;
		};
		62A08DAC77C26CDD497CDFE0 /* [CP] Embed Pods Frameworks */ = {
			isa = PBXShellScriptBuildPhase;
			buildActionMask = 2147483647;
			files = (
			);
			inputFileListPaths = (
				"${PODS_ROOT}/Target Support Files/Pods-ShakeMe/Pods-ShakeMe-frameworks-${CONFIGURATION}-input-files.xcfilelist",
			);
			name = "[CP] Embed Pods Frameworks";
			outputFileListPaths = (
				"${PODS_ROOT}/Target Support Files/Pods-ShakeMe/Pods-ShakeMe-frameworks-${CONFIGURATION}-output-files.xcfilelist",
			);
			runOnlyForDeploymentPostprocessing = 0;
			shellPath = /bin/sh;
			shellScript = "\"${PODS_ROOT}/Target Support Files/Pods-ShakeMe/Pods-ShakeMe-frameworks.sh\"\n";
			showEnvVarsInLog = 0;
		};
/* End PBXShellScriptBuildPhase section */

/* Begin PBXSourcesBuildPhase section */
		2C4384C922FD94490029E28C /* Sources */ = {
			isa = PBXSourcesBuildPhase;
			buildActionMask = 2147483647;
			files = (
				2CBDE298234146AE0025F6D0 /* SettingsModel.swift in Sources */,
				2CBDE2902340A8070025F6D0 /* StoryboardSegues.swift in Sources */,
				2CBD36DF233790E60076B190 /* assets-images.swift in Sources */,
				2CBDE2A7234200540025F6D0 /* PresentableAnswer.swift in Sources */,
				2C8542DF22FF50EE0053E112 /* SettingsTableViewController.swift in Sources */,
				2C8542F0230323280053E112 /* CustomAnswer+CoreDataClass.swift in Sources */,
				2C8542E423030A330053E112 /* AnswerTableViewCell.swift in Sources */,
				2CBDE29A234146C30025F6D0 /* MainModel.swift in Sources */,
				2CBDE2A52342002D0025F6D0 /* Answer.swift in Sources */,
				2C8542F92304344E0053E112 /* NetworkingService.swift in Sources */,
				2C4384D922FD94490029E28C /* DataModel.xcdatamodeld in Sources */,
				2C8542FC2304456E0053E112 /* CoreDataStack.swift in Sources */,
				2CBDE296234146860025F6D0 /* MainViewModel.swift in Sources */,
				2C4384D122FD94490029E28C /* AppDelegate.swift in Sources */,
				2C4384E622FD94EF0029E28C /* MainViewController.swift in Sources */,
				2C0222712305FE1800EB2621 /* CoreDataService.swift in Sources */,
				2CBD36E0233790E60076B190 /* strings.swift in Sources */,
				2C8542F1230323280053E112 /* CustomAnswer+CoreDataProperties.swift in Sources */,
				2C8542E1230015120053E112 /* InternetReachability.swift in Sources */,
				2CBDE2912340A8070025F6D0 /* StoryboardScenes.swift in Sources */,
				2CBDE294234146360025F6D0 /* SettingsViewModel.swift in Sources */,
			);
			runOnlyForDeploymentPostprocessing = 0;
		};
/* End PBXSourcesBuildPhase section */

/* Begin PBXVariantGroup section */
		2C4384D422FD94490029E28C /* Main.storyboard */ = {
			isa = PBXVariantGroup;
			children = (
				2C4384D522FD94490029E28C /* Base */,
			);
			name = Main.storyboard;
			sourceTree = "<group>";
		};
		2CBD36E42337927B0076B190 /* Localizable.strings */ = {
			isa = PBXVariantGroup;
			children = (
				2CBD36E52337927B0076B190 /* Base */,
			);
			name = Localizable.strings;
			sourceTree = "<group>";
		};
/* End PBXVariantGroup section */

/* Begin XCBuildConfiguration section */
		2C4384E022FD944A0029E28C /* Debug */ = {
			isa = XCBuildConfiguration;
			buildSettings = {
				ALWAYS_SEARCH_USER_PATHS = NO;
				CLANG_ANALYZER_NONNULL = YES;
				CLANG_ANALYZER_NUMBER_OBJECT_CONVERSION = YES_AGGRESSIVE;
				CLANG_CXX_LANGUAGE_STANDARD = "gnu++14";
				CLANG_CXX_LIBRARY = "libc++";
				CLANG_ENABLE_MODULES = YES;
				CLANG_ENABLE_OBJC_ARC = YES;
				CLANG_ENABLE_OBJC_WEAK = YES;
				CLANG_WARN_BLOCK_CAPTURE_AUTORELEASING = YES;
				CLANG_WARN_BOOL_CONVERSION = YES;
				CLANG_WARN_COMMA = YES;
				CLANG_WARN_CONSTANT_CONVERSION = YES;
				CLANG_WARN_DEPRECATED_OBJC_IMPLEMENTATIONS = YES;
				CLANG_WARN_DIRECT_OBJC_ISA_USAGE = YES_ERROR;
				CLANG_WARN_DOCUMENTATION_COMMENTS = YES;
				CLANG_WARN_EMPTY_BODY = YES;
				CLANG_WARN_ENUM_CONVERSION = YES;
				CLANG_WARN_INFINITE_RECURSION = YES;
				CLANG_WARN_INT_CONVERSION = YES;
				CLANG_WARN_NON_LITERAL_NULL_CONVERSION = YES;
				CLANG_WARN_OBJC_IMPLICIT_RETAIN_SELF = YES;
				CLANG_WARN_OBJC_LITERAL_CONVERSION = YES;
				CLANG_WARN_OBJC_ROOT_CLASS = YES_ERROR;
				CLANG_WARN_RANGE_LOOP_ANALYSIS = YES;
				CLANG_WARN_STRICT_PROTOTYPES = YES;
				CLANG_WARN_SUSPICIOUS_MOVE = YES;
				CLANG_WARN_UNGUARDED_AVAILABILITY = YES_AGGRESSIVE;
				CLANG_WARN_UNREACHABLE_CODE = YES;
				CLANG_WARN__DUPLICATE_METHOD_MATCH = YES;
				CODE_SIGN_IDENTITY = "iPhone Developer";
				COPY_PHASE_STRIP = NO;
				DEBUG_INFORMATION_FORMAT = dwarf;
				ENABLE_STRICT_OBJC_MSGSEND = YES;
				ENABLE_TESTABILITY = YES;
				GCC_C_LANGUAGE_STANDARD = gnu11;
				GCC_DYNAMIC_NO_PIC = NO;
				GCC_NO_COMMON_BLOCKS = YES;
				GCC_OPTIMIZATION_LEVEL = 0;
				GCC_PREPROCESSOR_DEFINITIONS = (
					"DEBUG=1",
					"$(inherited)",
				);
				GCC_WARN_64_TO_32_BIT_CONVERSION = YES;
				GCC_WARN_ABOUT_RETURN_TYPE = YES_ERROR;
				GCC_WARN_UNDECLARED_SELECTOR = YES;
				GCC_WARN_UNINITIALIZED_AUTOS = YES_AGGRESSIVE;
				GCC_WARN_UNUSED_FUNCTION = YES;
				GCC_WARN_UNUSED_VARIABLE = YES;
				IPHONEOS_DEPLOYMENT_TARGET = 12.4;
				MTL_ENABLE_DEBUG_INFO = INCLUDE_SOURCE;
				MTL_FAST_MATH = YES;
				ONLY_ACTIVE_ARCH = YES;
				SDKROOT = iphoneos;
				SWIFT_ACTIVE_COMPILATION_CONDITIONS = DEBUG;
				SWIFT_OPTIMIZATION_LEVEL = "-Onone";
			};
			name = Debug;
		};
		2C4384E122FD944A0029E28C /* Release */ = {
			isa = XCBuildConfiguration;
			buildSettings = {
				ALWAYS_SEARCH_USER_PATHS = NO;
				CLANG_ANALYZER_NONNULL = YES;
				CLANG_ANALYZER_NUMBER_OBJECT_CONVERSION = YES_AGGRESSIVE;
				CLANG_CXX_LANGUAGE_STANDARD = "gnu++14";
				CLANG_CXX_LIBRARY = "libc++";
				CLANG_ENABLE_MODULES = YES;
				CLANG_ENABLE_OBJC_ARC = YES;
				CLANG_ENABLE_OBJC_WEAK = YES;
				CLANG_WARN_BLOCK_CAPTURE_AUTORELEASING = YES;
				CLANG_WARN_BOOL_CONVERSION = YES;
				CLANG_WARN_COMMA = YES;
				CLANG_WARN_CONSTANT_CONVERSION = YES;
				CLANG_WARN_DEPRECATED_OBJC_IMPLEMENTATIONS = YES;
				CLANG_WARN_DIRECT_OBJC_ISA_USAGE = YES_ERROR;
				CLANG_WARN_DOCUMENTATION_COMMENTS = YES;
				CLANG_WARN_EMPTY_BODY = YES;
				CLANG_WARN_ENUM_CONVERSION = YES;
				CLANG_WARN_INFINITE_RECURSION = YES;
				CLANG_WARN_INT_CONVERSION = YES;
				CLANG_WARN_NON_LITERAL_NULL_CONVERSION = YES;
				CLANG_WARN_OBJC_IMPLICIT_RETAIN_SELF = YES;
				CLANG_WARN_OBJC_LITERAL_CONVERSION = YES;
				CLANG_WARN_OBJC_ROOT_CLASS = YES_ERROR;
				CLANG_WARN_RANGE_LOOP_ANALYSIS = YES;
				CLANG_WARN_STRICT_PROTOTYPES = YES;
				CLANG_WARN_SUSPICIOUS_MOVE = YES;
				CLANG_WARN_UNGUARDED_AVAILABILITY = YES_AGGRESSIVE;
				CLANG_WARN_UNREACHABLE_CODE = YES;
				CLANG_WARN__DUPLICATE_METHOD_MATCH = YES;
				CODE_SIGN_IDENTITY = "iPhone Developer";
				COPY_PHASE_STRIP = NO;
				DEBUG_INFORMATION_FORMAT = "dwarf-with-dsym";
				ENABLE_NS_ASSERTIONS = NO;
				ENABLE_STRICT_OBJC_MSGSEND = YES;
				GCC_C_LANGUAGE_STANDARD = gnu11;
				GCC_NO_COMMON_BLOCKS = YES;
				GCC_WARN_64_TO_32_BIT_CONVERSION = YES;
				GCC_WARN_ABOUT_RETURN_TYPE = YES_ERROR;
				GCC_WARN_UNDECLARED_SELECTOR = YES;
				GCC_WARN_UNINITIALIZED_AUTOS = YES_AGGRESSIVE;
				GCC_WARN_UNUSED_FUNCTION = YES;
				GCC_WARN_UNUSED_VARIABLE = YES;
				IPHONEOS_DEPLOYMENT_TARGET = 12.4;
				MTL_ENABLE_DEBUG_INFO = NO;
				MTL_FAST_MATH = YES;
				SDKROOT = iphoneos;
				SWIFT_COMPILATION_MODE = wholemodule;
				SWIFT_OPTIMIZATION_LEVEL = "-O";
				VALIDATE_PRODUCT = YES;
			};
			name = Release;
		};
		2C4384E322FD944A0029E28C /* Debug */ = {
			isa = XCBuildConfiguration;
			baseConfigurationReference = CCCF5D2350BC7739E8B50C44 /* Pods-ShakeMe.debug.xcconfig */;
			buildSettings = {
				ASSETCATALOG_COMPILER_APPICON_NAME = AppIcon;
				CODE_SIGN_STYLE = Automatic;
				DEVELOPMENT_TEAM = Z8345E68DL;
				INFOPLIST_FILE = "$(SRCROOT)/ShakeMe/Supporting files/Info.plist";
				IPHONEOS_DEPLOYMENT_TARGET = 11.0;
				LD_RUNPATH_SEARCH_PATHS = (
					"$(inherited)",
					"@executable_path/Frameworks",
				);
				PRODUCT_BUNDLE_IDENTIFIER = EGB.ShakeMe;
				PRODUCT_NAME = "$(TARGET_NAME)";
				SWIFT_VERSION = 5.0;
				TARGETED_DEVICE_FAMILY = "1,2";
			};
			name = Debug;
		};
		2C4384E422FD944A0029E28C /* Release */ = {
			isa = XCBuildConfiguration;
			baseConfigurationReference = C422BC732261D680C918570B /* Pods-ShakeMe.release.xcconfig */;
			buildSettings = {
				ASSETCATALOG_COMPILER_APPICON_NAME = AppIcon;
				CODE_SIGN_STYLE = Automatic;
				DEVELOPMENT_TEAM = Z8345E68DL;
				INFOPLIST_FILE = "$(SRCROOT)/ShakeMe/Supporting files/Info.plist";
				IPHONEOS_DEPLOYMENT_TARGET = 11.0;
				LD_RUNPATH_SEARCH_PATHS = (
					"$(inherited)",
					"@executable_path/Frameworks",
				);
				PRODUCT_BUNDLE_IDENTIFIER = EGB.ShakeMe;
				PRODUCT_NAME = "$(TARGET_NAME)";
				SWIFT_VERSION = 5.0;
				TARGETED_DEVICE_FAMILY = "1,2";
			};
			name = Release;
		};
/* End XCBuildConfiguration section */

/* Begin XCConfigurationList section */
		2C4384C822FD94490029E28C /* Build configuration list for PBXProject "ShakeMe" */ = {
			isa = XCConfigurationList;
			buildConfigurations = (
				2C4384E022FD944A0029E28C /* Debug */,
				2C4384E122FD944A0029E28C /* Release */,
			);
			defaultConfigurationIsVisible = 0;
			defaultConfigurationName = Release;
		};
		2C4384E222FD944A0029E28C /* Build configuration list for PBXNativeTarget "ShakeMe" */ = {
			isa = XCConfigurationList;
			buildConfigurations = (
				2C4384E322FD944A0029E28C /* Debug */,
				2C4384E422FD944A0029E28C /* Release */,
			);
			defaultConfigurationIsVisible = 0;
			defaultConfigurationName = Release;
		};
/* End XCConfigurationList section */

/* Begin XCVersionGroup section */
		2C4384D722FD94490029E28C /* DataModel.xcdatamodeld */ = {
			isa = XCVersionGroup;
			children = (
				2C4384D822FD94490029E28C /* ShakeMe.xcdatamodel */,
			);
			currentVersion = 2C4384D822FD94490029E28C /* ShakeMe.xcdatamodel */;
			path = DataModel.xcdatamodeld;
			sourceTree = "<group>";
			versionGroupType = wrapper.xcdatamodel;
		};
/* End XCVersionGroup section */
	};
	rootObject = 2C4384C522FD94490029E28C /* Project object */;
}
