PODS:
  - Alamofire (4.8.2)
  - Locksmith (4.0.0)
  - RxCocoa (5.0.0):
    - RxRelay (~> 5)
    - RxSwift (~> 5)
  - RxRelay (5.0.0):
    - RxSwift (~> 5)
  - RxSwift (5.0.0)
  - SnapKit (5.0.1)
  - SwiftGen (6.1.0)
  - SwiftLint (0.35.0)
  - SwiftyJSON (5.0.0)

DEPENDENCIES:
  - Alamofire (~> 4.8.2)
  - Locksmith (~> 4.0.0)
  - RxCocoa (~> 5)
  - RxSwift (~> 5)
  - SnapKit (~> 5.0.1)
  - SwiftGen (~> 6.1.0)
  - SwiftLint (~> 0.35.0)
  - SwiftyJSON (~> 5.0.0)

SPEC REPOS:
  trunk:
    - Alamofire
    - Locksmith
    - RxCocoa
    - RxRelay
    - RxSwift
    - SnapKit
    - SwiftGen
    - SwiftLint
    - SwiftyJSON

SPEC CHECKSUMS:
  Alamofire: ae5c501addb7afdbb13687d7f2f722c78734c2d3
  Locksmith: e9bebbaaa4cee3c511bc358a44f843c3fe00e21f
  RxCocoa: fcf32050ac00d801f34a7f71d5e8e7f23026dcd8
  RxRelay: 4f7409406a51a55cd88483f21ed898c234d60f18
  RxSwift: 8b0671caa829a763bbce7271095859121cbd895f
  SnapKit: 97b92857e3df3a0c71833cce143274bf6ef8e5eb
  SwiftGen: f872ca75cbd17bf7103c17f13dcfa0d9a15667b0
  SwiftLint: 5553187048b900c91aa03552807681bb6b027846
  SwiftyJSON: 36413e04c44ee145039d332b4f4e2d3e8d6c4db7

PODFILE CHECKSUM: 65527eda23d25399374b7f7ad5b29a76dae7565d

COCOAPODS: 1.8.3
